{
    "_readme": [
        "This file locks the dependencies of your project to a known state",
        "Read more about it at https://getcomposer.org/doc/01-basic-usage.md#installing-dependencies",
        "This file is @generated automatically"
    ],
    "content-hash": "6db3171fe722d0472051204f4c9d2f04",
    "packages": [
        {
            "name": "amphp/hpack",
            "version": "v3.2.1",
            "source": {
                "type": "git",
                "url": "https://github.com/amphp/hpack.git",
                "reference": "4f293064b15682a2b178b1367ddf0b8b5feb0239"
            },
            "dist": {
                "type": "zip",
                "url": "https://api.github.com/repos/amphp/hpack/zipball/4f293064b15682a2b178b1367ddf0b8b5feb0239",
                "reference": "4f293064b15682a2b178b1367ddf0b8b5feb0239",
                "shasum": ""
            },
            "require": {
                "php": ">=7.1"
            },
            "require-dev": {
                "amphp/php-cs-fixer-config": "^2",
                "http2jp/hpack-test-case": "^1",
                "nikic/php-fuzzer": "^0.0.10",
                "phpunit/phpunit": "^7 | ^8 | ^9"
            },
            "type": "library",
            "extra": {
                "branch-alias": {
                    "dev-master": "3.x-dev"
                }
            },
            "autoload": {
                "psr-4": {
                    "Amp\\Http\\": "src"
                }
            },
            "notification-url": "https://packagist.org/downloads/",
            "license": [
                "MIT"
            ],
            "authors": [
                {
                    "name": "Daniel Lowrey",
                    "email": "rdlowrey@php.net"
                },
                {
                    "name": "Bob Weinand"
                },
                {
                    "name": "Niklas Keller",
                    "email": "me@kelunik.com"
                },
                {
                    "name": "Aaron Piotrowski",
                    "email": "aaron@trowski.com"
                }
            ],
            "description": "HTTP/2 HPack implementation.",
            "homepage": "https://github.com/amphp/hpack",
            "keywords": [
                "headers",
                "hpack",
                "http-2"
            ],
            "support": {
                "issues": "https://github.com/amphp/hpack/issues",
                "source": "https://github.com/amphp/hpack/tree/v3.2.1"
            },
            "funding": [
                {
                    "url": "https://github.com/amphp",
                    "type": "github"
                }
            ],
            "time": "2024-03-21T19:00:16+00:00"
        },
        {
            "name": "amphp/http",
            "version": "v2.1.1",
            "source": {
                "type": "git",
                "url": "https://github.com/amphp/http.git",
                "reference": "fe6b4dd50c1e70caf823092398074b5082e1d6da"
            },
            "dist": {
                "type": "zip",
                "url": "https://api.github.com/repos/amphp/http/zipball/fe6b4dd50c1e70caf823092398074b5082e1d6da",
                "reference": "fe6b4dd50c1e70caf823092398074b5082e1d6da",
                "shasum": ""
            },
            "require": {
                "amphp/hpack": "^3",
                "amphp/parser": "^1.1",
                "league/uri-components": "^2.4.2 | ^7.1",
                "php": ">=8.1",
                "psr/http-message": "^1 | ^2"
            },
            "require-dev": {
                "amphp/php-cs-fixer-config": "^2",
                "league/uri": "^6.8 | ^7.1",
                "phpunit/phpunit": "^9",
                "psalm/phar": "^5.4"
            },
            "type": "library",
            "autoload": {
                "files": [
                    "src/functions.php",
                    "src/Internal/constants.php"
                ],
                "psr-4": {
                    "Amp\\Http\\": "src"
                }
            },
            "notification-url": "https://packagist.org/downloads/",
            "license": [
                "MIT"
            ],
            "authors": [
                {
                    "name": "Niklas Keller",
                    "email": "me@kelunik.com"
                },
                {
                    "name": "Aaron Piotrowski",
                    "email": "aaron@trowski.com"
                }
            ],
            "description": "Basic HTTP primitives which can be shared by servers and clients.",
            "support": {
                "issues": "https://github.com/amphp/http/issues",
                "source": "https://github.com/amphp/http/tree/v2.1.1"
            },
            "funding": [
                {
                    "url": "https://github.com/amphp",
                    "type": "github"
                }
            ],
            "time": "2024-04-03T18:00:53+00:00"
        },
        {
            "name": "amphp/parser",
            "version": "v1.1.1",
            "source": {
                "type": "git",
                "url": "https://github.com/amphp/parser.git",
                "reference": "3cf1f8b32a0171d4b1bed93d25617637a77cded7"
            },
            "dist": {
                "type": "zip",
                "url": "https://api.github.com/repos/amphp/parser/zipball/3cf1f8b32a0171d4b1bed93d25617637a77cded7",
                "reference": "3cf1f8b32a0171d4b1bed93d25617637a77cded7",
                "shasum": ""
            },
            "require": {
                "php": ">=7.4"
            },
            "require-dev": {
                "amphp/php-cs-fixer-config": "^2",
                "phpunit/phpunit": "^9",
                "psalm/phar": "^5.4"
            },
            "type": "library",
            "autoload": {
                "psr-4": {
                    "Amp\\Parser\\": "src"
                }
            },
            "notification-url": "https://packagist.org/downloads/",
            "license": [
                "MIT"
            ],
            "authors": [
                {
                    "name": "Aaron Piotrowski",
                    "email": "aaron@trowski.com"
                },
                {
                    "name": "Niklas Keller",
                    "email": "me@kelunik.com"
                }
            ],
            "description": "A generator parser to make streaming parsers simple.",
            "homepage": "https://github.com/amphp/parser",
            "keywords": [
                "async",
                "non-blocking",
                "parser",
                "stream"
            ],
            "support": {
                "issues": "https://github.com/amphp/parser/issues",
                "source": "https://github.com/amphp/parser/tree/v1.1.1"
            },
            "funding": [
                {
                    "url": "https://github.com/amphp",
                    "type": "github"
                }
            ],
            "time": "2024-03-21T19:16:53+00:00"
        },
        {
            "name": "league/uri",
            "version": "7.4.1",
            "source": {
                "type": "git",
                "url": "https://github.com/thephpleague/uri.git",
                "reference": "bedb6e55eff0c933668addaa7efa1e1f2c417cc4"
            },
            "dist": {
                "type": "zip",
                "url": "https://api.github.com/repos/thephpleague/uri/zipball/bedb6e55eff0c933668addaa7efa1e1f2c417cc4",
                "reference": "bedb6e55eff0c933668addaa7efa1e1f2c417cc4",
                "shasum": ""
            },
            "require": {
                "league/uri-interfaces": "^7.3",
                "php": "^8.1"
            },
            "conflict": {
                "league/uri-schemes": "^1.0"
            },
            "suggest": {
                "ext-bcmath": "to improve IPV4 host parsing",
                "ext-fileinfo": "to create Data URI from file contennts",
                "ext-gmp": "to improve IPV4 host parsing",
                "ext-intl": "to handle IDN host with the best performance",
                "jeremykendall/php-domain-parser": "to resolve Public Suffix and Top Level Domain",
                "league/uri-components": "Needed to easily manipulate URI objects components",
                "php-64bit": "to improve IPV4 host parsing",
                "symfony/polyfill-intl-idn": "to handle IDN host via the Symfony polyfill if ext-intl is not present"
            },
            "type": "library",
            "extra": {
                "branch-alias": {
                    "dev-master": "7.x-dev"
                }
            },
            "autoload": {
                "psr-4": {
                    "League\\Uri\\": ""
                }
            },
            "notification-url": "https://packagist.org/downloads/",
            "license": [
                "MIT"
            ],
            "authors": [
                {
                    "name": "Ignace Nyamagana Butera",
                    "email": "nyamsprod@gmail.com",
                    "homepage": "https://nyamsprod.com"
                }
            ],
            "description": "URI manipulation library",
            "homepage": "https://uri.thephpleague.com",
            "keywords": [
                "data-uri",
                "file-uri",
                "ftp",
                "hostname",
                "http",
                "https",
                "middleware",
                "parse_str",
                "parse_url",
                "psr-7",
                "query-string",
                "querystring",
                "rfc3986",
                "rfc3987",
                "rfc6570",
                "uri",
                "uri-template",
                "url",
                "ws"
            ],
            "support": {
                "docs": "https://uri.thephpleague.com",
                "forum": "https://thephpleague.slack.com",
                "issues": "https://github.com/thephpleague/uri-src/issues",
                "source": "https://github.com/thephpleague/uri/tree/7.4.1"
            },
            "funding": [
                {
                    "url": "https://github.com/sponsors/nyamsprod",
                    "type": "github"
                }
            ],
            "time": "2024-03-23T07:42:40+00:00"
        },
        {
            "name": "league/uri-components",
            "version": "7.4.1",
            "source": {
                "type": "git",
                "url": "https://github.com/thephpleague/uri-components.git",
                "reference": "b94fe4097885f1b51c4c3fcb78025fbbabbb5d9d"
            },
            "dist": {
                "type": "zip",
                "url": "https://api.github.com/repos/thephpleague/uri-components/zipball/b94fe4097885f1b51c4c3fcb78025fbbabbb5d9d",
                "reference": "b94fe4097885f1b51c4c3fcb78025fbbabbb5d9d",
                "shasum": ""
            },
            "require": {
                "league/uri": "^7.3",
                "php": "^8.1"
            },
            "suggest": {
                "ext-bcmath": "to improve IPV4 host parsing",
                "ext-fileinfo": "to create Data URI from file contennts",
                "ext-gmp": "to improve IPV4 host parsing",
                "ext-intl": "to handle IDN host with the best performance",
                "ext-mbstring": "to use the sorting algorithm of URLSearchParams",
                "jeremykendall/php-domain-parser": "to resolve Public Suffix and Top Level Domain",
                "php-64bit": "to improve IPV4 host parsing",
                "symfony/polyfill-intl-idn": "to handle IDN host via the Symfony polyfill if ext-intl is not present"
            },
            "type": "library",
            "extra": {
                "branch-alias": {
                    "dev-master": "7.x-dev"
                }
            },
            "autoload": {
                "psr-4": {
                    "League\\Uri\\": ""
                }
            },
            "notification-url": "https://packagist.org/downloads/",
            "license": [
                "MIT"
            ],
            "authors": [
                {
                    "name": "Ignace Nyamagana Butera",
                    "email": "nyamsprod@gmail.com",
                    "homepage": "https://nyamsprod.com"
                }
            ],
            "description": "URI components manipulation library",
            "homepage": "http://uri.thephpleague.com",
            "keywords": [
                "authority",
                "components",
                "fragment",
                "host",
                "middleware",
                "modifier",
                "path",
                "port",
                "query",
                "rfc3986",
                "scheme",
                "uri",
                "url",
                "userinfo"
            ],
            "support": {
                "docs": "https://uri.thephpleague.com",
                "forum": "https://thephpleague.slack.com",
                "issues": "https://github.com/thephpleague/uri-src/issues",
                "source": "https://github.com/thephpleague/uri-components/tree/7.4.1"
            },
            "funding": [
                {
                    "url": "https://github.com/nyamsprod",
                    "type": "github"
                }
            ],
            "time": "2024-03-23T07:42:40+00:00"
        },
        {
            "name": "league/uri-interfaces",
            "version": "7.4.1",
            "source": {
                "type": "git",
                "url": "https://github.com/thephpleague/uri-interfaces.git",
                "reference": "8d43ef5c841032c87e2de015972c06f3865ef718"
            },
            "dist": {
                "type": "zip",
                "url": "https://api.github.com/repos/thephpleague/uri-interfaces/zipball/8d43ef5c841032c87e2de015972c06f3865ef718",
                "reference": "8d43ef5c841032c87e2de015972c06f3865ef718",
                "shasum": ""
            },
            "require": {
                "ext-filter": "*",
                "php": "^8.1",
                "psr/http-factory": "^1",
                "psr/http-message": "^1.1 || ^2.0"
            },
            "suggest": {
                "ext-bcmath": "to improve IPV4 host parsing",
                "ext-gmp": "to improve IPV4 host parsing",
                "ext-intl": "to handle IDN host with the best performance",
                "php-64bit": "to improve IPV4 host parsing",
                "symfony/polyfill-intl-idn": "to handle IDN host via the Symfony polyfill if ext-intl is not present"
            },
            "type": "library",
            "extra": {
                "branch-alias": {
                    "dev-master": "7.x-dev"
                }
            },
            "autoload": {
                "psr-4": {
                    "League\\Uri\\": ""
                }
            },
            "notification-url": "https://packagist.org/downloads/",
            "license": [
                "MIT"
            ],
            "authors": [
                {
                    "name": "Ignace Nyamagana Butera",
                    "email": "nyamsprod@gmail.com",
                    "homepage": "https://nyamsprod.com"
                }
            ],
            "description": "Common interfaces and classes for URI representation and interaction",
            "homepage": "https://uri.thephpleague.com",
            "keywords": [
                "data-uri",
                "file-uri",
                "ftp",
                "hostname",
                "http",
                "https",
                "parse_str",
                "parse_url",
                "psr-7",
                "query-string",
                "querystring",
                "rfc3986",
                "rfc3987",
                "rfc6570",
                "uri",
                "url",
                "ws"
            ],
            "support": {
                "docs": "https://uri.thephpleague.com",
                "forum": "https://thephpleague.slack.com",
                "issues": "https://github.com/thephpleague/uri-src/issues",
                "source": "https://github.com/thephpleague/uri-interfaces/tree/7.4.1"
            },
            "funding": [
                {
                    "url": "https://github.com/sponsors/nyamsprod",
                    "type": "github"
                }
            ],
            "time": "2024-03-23T07:42:40+00:00"
        },
        {
            "name": "psr/http-factory",
            "version": "1.1.0",
            "source": {
                "type": "git",
                "url": "https://github.com/php-fig/http-factory.git",
                "reference": "2b4765fddfe3b508ac62f829e852b1501d3f6e8a"
            },
            "dist": {
                "type": "zip",
                "url": "https://api.github.com/repos/php-fig/http-factory/zipball/2b4765fddfe3b508ac62f829e852b1501d3f6e8a",
                "reference": "2b4765fddfe3b508ac62f829e852b1501d3f6e8a",
                "shasum": ""
            },
            "require": {
                "php": ">=7.1",
                "psr/http-message": "^1.0 || ^2.0"
            },
            "type": "library",
            "extra": {
                "branch-alias": {
                    "dev-master": "1.0.x-dev"
                }
            },
            "autoload": {
                "psr-4": {
                    "Psr\\Http\\Message\\": "src/"
                }
            },
            "notification-url": "https://packagist.org/downloads/",
            "license": [
                "MIT"
            ],
            "authors": [
                {
                    "name": "PHP-FIG",
                    "homepage": "https://www.php-fig.org/"
                }
            ],
            "description": "PSR-17: Common interfaces for PSR-7 HTTP message factories",
            "keywords": [
                "factory",
                "http",
                "message",
                "psr",
                "psr-17",
                "psr-7",
                "request",
                "response"
            ],
            "support": {
                "source": "https://github.com/php-fig/http-factory"
            },
            "time": "2024-04-15T12:06:14+00:00"
        },
        {
            "name": "psr/http-message",
            "version": "2.0",
            "source": {
                "type": "git",
                "url": "https://github.com/php-fig/http-message.git",
                "reference": "402d35bcb92c70c026d1a6a9883f06b2ead23d71"
            },
            "dist": {
                "type": "zip",
                "url": "https://api.github.com/repos/php-fig/http-message/zipball/402d35bcb92c70c026d1a6a9883f06b2ead23d71",
                "reference": "402d35bcb92c70c026d1a6a9883f06b2ead23d71",
                "shasum": ""
            },
            "require": {
                "php": "^7.2 || ^8.0"
            },
            "type": "library",
            "extra": {
                "branch-alias": {
                    "dev-master": "2.0.x-dev"
                }
            },
            "autoload": {
                "psr-4": {
                    "Psr\\Http\\Message\\": "src/"
                }
            },
            "notification-url": "https://packagist.org/downloads/",
            "license": [
                "MIT"
            ],
            "authors": [
                {
                    "name": "PHP-FIG",
                    "homepage": "https://www.php-fig.org/"
                }
            ],
            "description": "Common interface for HTTP messages",
            "homepage": "https://github.com/php-fig/http-message",
            "keywords": [
                "http",
                "http-message",
                "psr",
                "psr-7",
                "request",
                "response"
            ],
            "support": {
                "source": "https://github.com/php-fig/http-message/tree/2.0"
            },
            "time": "2023-04-04T09:54:51+00:00"
        }
    ],
    "packages-dev": [],
    "aliases": [],
    "minimum-stability": "stable",
    "stability-flags": [],
    "prefer-stable": false,
    "prefer-lowest": false,
    "platform": {
        "php": ">=5.5.0",
        "ext-pcre": "*",
        "ext-spl": "*",
        "ext-zip": "*",
        "lib-pcre": "*"
    },
    "platform-dev": [],
    "plugin-api-version": "2.6.0"
}
